version = 1
revision = 3
requires-python = ">=3.9"

[[package]]
name = "argparse"
version = "1.2.1"
source = { registry = "https://pypi.org/simple" }
sdist = { url = "https://files.pythonhosted.org/packages/6f/ad/86448942ad49c5fe05bfdf7ebc874807f521dfcca5ee543afaca2974ad5a/argparse-1.2.1.tar.gz", hash = "sha256:ddaf4b0a618335a32b6664d4ae038a1de8fbada3b25033f9021510ed2b3941a4", size = 69297, upload-time = "2014-05-09T22:18:05.795Z" }

[[package]]
name = "flask"
version = "0.10.1"
source = { registry = "https://pypi.org/simple" }
dependencies = [
    { name = "itsdangerous" },
    { name = "jinja2" },
    { name = "werkzeug" },
]
sdist = { url = "https://files.pythonhosted.org/packages/db/9c/149ba60c47d107f85fe52564133348458f093dd5e6b57a5b60ab9ac517bb/Flask-0.10.1.tar.gz", hash = "sha256:4c83829ff83d408b5e1d4995472265411d2c414112298f2eb4b359d9e4563373", size = 544247, upload-time = "2013-06-14T08:54:19.252Z" }

[[package]]
name = "flask-mwoauth"
version = "0.2.46"
source = { registry = "https://pypi.org/simple" }
dependencies = [
    { name = "flask" },
    { name = "flask-oauthlib" },
    { name = "future" },
    { name = "requests" },
]
sdist = { url = "https://files.pythonhosted.org/packages/e3/2a/f48eb37a8d3451a32caec59d749255548475a21a81aed0d021e4bb076fa7/flask-mwoauth-0.2.46.tar.gz", hash = "sha256:cc3f849bf5d133e6958490fb6e2659efcf113fb31d4d996a2d93a0eaffd1115a", size = 6661, upload-time = "2015-07-25T19:02:26.249Z" }

[[package]]
name = "flask-oauthlib"
version = "0.9.4"
source = { registry = "https://pypi.org/simple" }
dependencies = [
    { name = "flask" },
    { name = "oauthlib" },
    { name = "requests-oauthlib" },
]
sdist = { url = "https://files.pythonhosted.org/packages/0e/8a/775cd729baec72ce388c175e7aa0cba3a7a0b7740c5a5803d335235d38df/Flask-OAuthlib-0.9.4.tar.gz", hash = "sha256:bcd6f2f4f58c764824a1de31b9beae22585c5191992d298c0be0b3118dfcbdc6", size = 34252, upload-time = "2017-06-09T08:06:08.305Z" }

[[package]]
name = "flask-seasurf"
version = "0.2.2"
source = { registry = "https://pypi.org/simple" }
dependencies = [
    { name = "flask" },
]
sdist = { url = "https://files.pythonhosted.org/packages/9b/24/28e73616f4c8a8d1c265248a9c7cc12715b286cbfef90f1227a3402792f2/Flask-SeaSurf-0.2.2.tar.gz", hash = "sha256:c57918c17e9afd988bdc30d8dcb7bfb833741dee38b06c1bbd17821d6fa2b6cf", size = 5141, upload-time = "2016-03-16T16:41:57.979Z" }

[[package]]
name = "future"
version = "0.15.2"
source = { registry = "https://pypi.org/simple" }
sdist = { url = "https://files.pythonhosted.org/packages/5a/f4/99abde815842bc6e97d5a7806ad51236630da14ca2f3b1fce94c0bb94d3d/future-0.15.2.tar.gz", hash = "sha256:3d3b193f20ca62ba7d8782589922878820d0a023b885882deec830adbf639b97", size = 1583441, upload-time = "2015-09-11T07:23:15.083Z" }

[[package]]
name = "itsdangerous"
version = "0.24"
source = { registry = "https://pypi.org/simple" }
sdist = { url = "https://files.pythonhosted.org/packages/dc/b4/a60bcdba945c00f6d608d8975131ab3f25b22f2bcfe1dab221165194b2d4/itsdangerous-0.24.tar.gz", hash = "sha256:cbb3fcf8d3e33df861709ecaf89d9e6629cff0a217bc2848f1b41cd30d360519", size = 46541, upload-time = "2014-03-28T11:09:28.309Z" }

[[package]]
name = "jinja2"
version = "2.8"
source = { registry = "https://pypi.org/simple" }
dependencies = [
    { name = "markupsafe" },
]
sdist = { url = "https://files.pythonhosted.org/packages/f2/2f/0b98b06a345a761bec91a079ccae392d282690c2d8272e708f4d10829e22/Jinja2-2.8.tar.gz", hash = "sha256:bc1ff2ff88dbfacefde4ddde471d1417d3b304e8df103a7a9437d47269201bf4", size = 357055, upload-time = "2015-07-26T17:49:47.443Z" }
wheels = [
    { url = "https://files.pythonhosted.org/packages/96/a1/c56bc4d99dc2663514a8481511e80eba8994133ae75eebdadfc91a5597d9/Jinja2-2.8-py2.py3-none-any.whl", hash = "sha256:1cc03ef32b64be19e0a5b54578dd790906a34943fe9102cfdae0d4495bd536b4", size = 263888, upload-time = "2015-07-26T17:52:06.373Z" },
]

[[package]]
name = "locator-tool"
version = "0.1.0"
source = { virtual = "." }
dependencies = [
    { name = "argparse" },
    { name = "flask" },
    { name = "flask-mwoauth" },
    { name = "flask-oauthlib" },
    { name = "flask-seasurf" },
    { name = "future" },
    { name = "itsdangerous" },
    { name = "jinja2" },
    { name = "markupsafe" },
    { name = "mwparserfromhell" },
    { name = "oauthlib" },
    { name = "pymysql" },
    { name = "requests" },
    { name = "requests-oauthlib" },
    { name = "six" },
    { name = "talisman" },
    { name = "werkzeug" },
]

[package.metadata]
requires-dist = [
    { name = "argparse", specifier = "==1.2.1" },
    { name = "flask", specifier = "==0.10.1" },
    { name = "flask-mwoauth", specifier = "==0.2.46" },
    { name = "flask-oauthlib", specifier = "==0.9.4" },
    { name = "flask-seasurf", specifier = "==0.2.2" },
    { name = "future", specifier = "==0.15.2" },
    { name = "itsdangerous", specifier = "==0.24" },
    { name = "jinja2", specifier = "==2.8" },
    { name = "markupsafe", specifier = "==0.23" },
    { name = "mwparserfromhell", specifier = ">=0.6" },
    { name = "oauthlib", specifier = "==1.1.2" },
    { name = "pymysql", specifier = "==1.1.1" },
    { name = "requests", specifier = "==2.10.0" },
    { name = "requests-oauthlib", specifier = "==0.6.2" },
    { name = "six", specifier = "==1.10.0" },
    { name = "talisman", specifier = "==0.1.0" },
    { name = "werkzeug", specifier = "==0.11.9" },
]

[[package]]
name = "markupsafe"
version = "0.23"
source = { registry = "https://pypi.org/simple" }
sdist = { url = "https://files.pythonhosted.org/packages/c0/41/bae1254e0396c0cc8cf1751cb7d9afc90a602353695af5952530482c963f/MarkupSafe-0.23.tar.gz", hash = "sha256:a4ec1aff59b95a14b45eb2e23761a0179e98319da5a7eb76b56ea8cdc7b871c3", size = 13416, upload-time = "2014-05-08T14:58:53.945Z" }

[[package]]
name = "mwparserfromhell"
version = "0.7.2"
source = { registry = "https://pypi.org/simple" }
sdist = { url = "https://files.pythonhosted.org/packages/eb/e1/4e4b53fd838b82061243222d6123ddaf6176278b1ad7058382a1312cb7ae/mwparserfromhell-0.7.2.tar.gz", hash = "sha256:f4193072e9ea93b9e88f772f60a02125c0602d32890d0bbdcb275ed58c8b3763", size = 196317, upload-time = "2025-07-01T05:27:09.697Z" }
wheels = [
    { url = "https://files.pythonhosted.org/packages/96/d3/51441a816f4ef606a55e07263fb34c6991397b3f65cb744e62ad82530f64/mwparserfromhell-0.7.2-cp310-cp310-macosx_10_9_x86_64.whl", hash = "sha256:09ba9480b5714d0016610bc16d714f919b1600f7d605a9f0cfee008618d380ea", size = 154175, upload-time = "2025-07-01T05:26:13.769Z" },
    { url = "https://files.pythonhosted.org/packages/a5/06/a946887346c2c487e7d8b3b6fe176aaef07b9873d0fc92f41e2d464b753f/mwparserfromhell-0.7.2-cp310-cp310-macosx_11_0_arm64.whl", hash = "sha256:95281cada10011728f0203c7306ec903959e7b18d39b4b65af9f4071ffe5b312", size = 154519, upload-time = "2025-07-01T05:26:15.461Z" },
    { url = "https://files.pythonhosted.org/packages/c7/27/df849a5ccf230b4dd1bc818f4a03293e830f32830dd739c5edf5d90117df/mwparserfromhell-0.7.2-cp310-cp310-manylinux2014_aarch64.manylinux_2_17_aarch64.manylinux_2_28_aarch64.whl", hash = "sha256:2cfa66c619cf91867c96581ab7bb5e39553bf5895020369a6eada1368a6e4443", size = 251555, upload-time = "2025-07-01T05:26:16.566Z" },
    { url = "https://files.pythonhosted.org/packages/59/f7/9f0fd0d93674ee819a7b536c03b988b527852cf0a174283caa32c0103866/mwparserfromhell-0.7.2-cp310-cp310-manylinux2014_x86_64.manylinux_2_17_x86_64.manylinux_2_28_x86_64.whl", hash = "sha256:60e4d7f307ad093626ab81c65b28c403561c5f9bd68c9fa183e75aa0e7d11de7", size = 246992, upload-time = "2025-07-01T05:26:18.227Z" },
    { url = "https://files.pythonhosted.org/packages/7b/90/ad6abdd3a2424a986427f8be23f9577f689eb65e8d636ae17cb898c0fb46/mwparserfromhell-0.7.2-cp310-cp310-musllinux_1_2_aarch64.whl", hash = "sha256:6cdcc5f54a8cc86d507a678ac408975fce74b11320d0b31ab3c3691b99e38711", size = 247271, upload-time = "2025-07-01T05:26:19.683Z" },
    { url = "https://files.pythonhosted.org/packages/60/85/02f5d98336023db22474cbe71bab57f63e0ba2aae55e1433c1c6b1700bb7/mwparserfromhell-0.7.2-cp310-cp310-musllinux_1_2_x86_64.whl", hash = "sha256:355d792992447f348c8a5573a89cdc62d4f58f33608d9bd7403fec83e384cecf", size = 243673, upload-time = "2025-07-01T05:26:21.054Z" },
    { url = "https://files.pythonhosted.org/packages/94/9b/a2f7aef5549d773cb8f97a5b102ecf461199940621d535960290b5ef08e8/mwparserfromhell-0.7.2-cp310-cp310-win32.whl", hash = "sha256:ef17d069ccbaecc830c30e8ac6a27d51576a36e6829bac19af0c347f2d2ed495", size = 153869, upload-time = "2025-07-01T05:26:22.988Z" },
    { url = "https://files.pythonhosted.org/packages/b6/e0/a86bacb10afc682bd416d2b76654faa075caec47ff935750caac5f05ba07/mwparserfromhell-0.7.2-cp310-cp310-win_amd64.whl", hash = "sha256:a9cf2da9d50823f10212bc2a05bb0bba201625a7bce317d003fe4cf34d22e312", size = 155813, upload-time = "2025-07-01T05:26:24.598Z" },
    { url = "https://files.pythonhosted.org/packages/50/1f/04f0fedc193ed892c0b32958e2685fc894aaf9d2c31d639c19551ab9e320/mwparserfromhell-0.7.2-cp311-cp311-macosx_10_9_x86_64.whl", hash = "sha256:def35318e734e684cf28d20bf81d586514463bb01c6946bd8a5ec3a2ffc28660", size = 154159, upload-time = "2025-07-01T05:26:26.073Z" },
    { url = "https://files.pythonhosted.org/packages/56/5d/f7953a57d79c3a9666af6b183a0e7e27f5009f78d55dfa384c83b2f3a746/mwparserfromhell-0.7.2-cp311-cp311-macosx_11_0_arm64.whl", hash = "sha256:ba3dabf3145a45f4cf8419735018e4e84101b72df0aa045eca7ca5529f3d0f5f", size = 154510, upload-time = "2025-07-01T05:26:27.57Z" },
    { url = "https://files.pythonhosted.org/packages/ac/06/fd40cee61e4bb4b70aaf5422b2593223cb54e49284872c116ea9150f7280/mwparserfromhell-0.7.2-cp311-cp311-manylinux2014_aarch64.manylinux_2_17_aarch64.manylinux_2_28_aarch64.whl", hash = "sha256:d51c59fa0c994d5df78fa72cb57107f6e8bac919cdcfd6b0e3c23203e0272038", size = 256502, upload-time = "2025-07-01T05:26:28.694Z" },
    { url = "https://files.pythonhosted.org/packages/65/6e/3e9d4e01493437259940abbf47cd18f9f2f82a5fb5481a0b1778edbec68e/mwparserfromhell-0.7.2-cp311-cp311-manylinux2014_x86_64.manylinux_2_17_x86_64.manylinux_2_28_x86_64.whl", hash = "sha256:b31789c4d255c027d3075b935a5020efde547dbfbc57ea20abb16d842c52411a", size = 251741, upload-time = "2025-07-01T05:26:30.31Z" },
    { url = "https://files.pythonhosted.org/packages/1b/ff/1fd2b852c72150fd6d7c30c58cfaa024c3c9df2202d4fcf2f142265041a4/mwparserfromhell-0.7.2-cp311-cp311-musllinux_1_2_aarch64.whl", hash = "sha256:beaf750c25d0d2fc0de8f6b301e96c6723630a9f6b2ba02ce65d642021bfbf28", size = 253105, upload-time = "2025-07-01T05:26:31.832Z" },
    { url = "https://files.pythonhosted.org/packages/ef/f3/b4be5b6fc60f9027449b83eb6419464b806410225b7f035a045e8e4c4bca/mwparserfromhell-0.7.2-cp311-cp311-musllinux_1_2_x86_64.whl", hash = "sha256:cd8549a2250959a3a2570e24783bfe682d170b02d06ad7727f29e29f4e672f65", size = 249377, upload-time = "2025-07-01T05:26:33.459Z" },
    { url = "https://files.pythonhosted.org/packages/2a/74/4b74bee73e3596d161626670b430f1f352a3903ec2692842690bc26c27ba/mwparserfromhell-0.7.2-cp311-cp311-win32.whl", hash = "sha256:7713a695a64ca71e627ccc7b2a393a8aadf9b94f83600b4874ee80fbe834fbfd", size = 153728, upload-time = "2025-07-01T05:26:35.159Z" },
    { url = "https://files.pythonhosted.org/packages/20/52/b037055009df635f7e270bc2dec4ba0593af9e88919df95abae158dae600/mwparserfromhell-0.7.2-cp311-cp311-win_amd64.whl", hash = "sha256:b9715e7d62adf80e7df80526b6eda873eca55826d16d1c6e197fe0ca506d31fc", size = 156023, upload-time = "2025-07-01T05:26:36.635Z" },
    { url = "https://files.pythonhosted.org/packages/ff/9a/0188a9d0837999e061176b9bea7cd701c710eb627927d75d0b38fa2b1c27/mwparserfromhell-0.7.2-cp312-cp312-macosx_10_13_x86_64.whl", hash = "sha256:bc75b1de65ce5b05823942398f77265650a29e13cff6495a15d3c3573cbf7b1a", size = 154527, upload-time = "2025-07-01T05:26:38.2Z" },
    { url = "https://files.pythonhosted.org/packages/46/de/ff83509c5d344c85524cf2497e214d50f6c4b4153bdd7b49aa24e0fc302f/mwparserfromhell-0.7.2-cp312-cp312-macosx_11_0_arm64.whl", hash = "sha256:efe6e5255379ff66a08d2102004b26a456692dafbab0cb1e52bed275a43f1c4c", size = 154635, upload-time = "2025-07-01T05:26:39.331Z" },
    { url = "https://files.pythonhosted.org/packages/18/51/c5892980c6441fc7b06ea7c3130fd608f91f4f2d45118938f6c630647e96/mwparserfromhell-0.7.2-cp312-cp312-manylinux2014_aarch64.manylinux_2_17_aarch64.manylinux_2_28_aarch64.whl", hash = "sha256:680c96019a62d6f815dad4e7c921383284485ba1f69353ed7ead02d3f232edfc", size = 261644, upload-time = "2025-07-01T05:26:40.479Z" },
    { url = "https://files.pythonhosted.org/packages/79/38/1e058c40d19caa2f0bc5474cf285ad78f6a0e72ef6262a8471534d308091/mwparserfromhell-0.7.2-cp312-cp312-manylinux2014_x86_64.manylinux_2_17_x86_64.manylinux_2_28_x86_64.whl", hash = "sha256:1c992003d7a053963006c94ce7eeaf509575c02bf132181da8130086c18ad5df", size = 256548, upload-time = "2025-07-01T05:26:41.823Z" },
    { url = "https://files.pythonhosted.org/packages/79/82/42ae87924cb26f12dacd1dba3804463e13f9059756d68d7346278eadc3e9/mwparserfromhell-0.7.2-cp312-cp312-musllinux_1_2_aarch64.whl", hash = "sha256:2a387532607b4d381baba5c8079f75e5a0201da2506ecd0657034c6b40c8d1e1", size = 257482, upload-time = "2025-07-01T05:26:43.033Z" },
    { url = "https://files.pythonhosted.org/packages/3e/be/b8a6489ddcae1aa85e0b376fff10caa19e8a31cf6e78f363c0e9c956c2fe/mwparserfromhell-0.7.2-cp312-cp312-musllinux_1_2_x86_64.whl", hash = "sha256:b34e5bcd5d7c1c80066abe601e39043f86bd43a581b7c6b46299e84e045e1c83", size = 253743, upload-time = "2025-07-01T05:26:44.724Z" },
    { url = "https://files.pythonhosted.org/packages/cb/7b/149c13c3b04cc7ef953280f4e38ca15a8f14c8d14fac6801ae9253fb1b1f/mwparserfromhell-0.7.2-cp312-cp312-win32.whl", hash = "sha256:33115b533e789935c1efd4f32a4b6082b597198499b176a05dd73a94a37232be", size = 153751, upload-time = "2025-07-01T05:26:45.919Z" },
    { url = "https://files.pythonhosted.org/packages/13/8b/de18b03f7df8e315682ae33028fb3e10cb895617d061092b9c9e055bf5de/mwparserfromhell-0.7.2-cp312-cp312-win_amd64.whl", hash = "sha256:4bd6e388b5e0f247c3b2484acb2a4bec4f7ba81598fa25956ec93b7abbd17fbe", size = 156405, upload-time = "2025-07-01T05:26:47.397Z" },
    { url = "https://files.pythonhosted.org/packages/4a/8e/cdbeaee3cdfa3531fb70380aed9ce9619c42b52735496cc1cd5a026986c3/mwparserfromhell-0.7.2-cp313-cp313-macosx_10_13_x86_64.whl", hash = "sha256:6032df04279c38b9eaaa332a608dd8241aa31f6f034d6ecdba1b4582fbb548b9", size = 154511, upload-time = "2025-07-01T05:26:48.633Z" },
    { url = "https://files.pythonhosted.org/packages/29/d0/2d639f526b1a7e1b0f9cba9957bb32cfac0629fb9069488cb0ae485627e8/mwparserfromhell-0.7.2-cp313-cp313-macosx_11_0_arm64.whl", hash = "sha256:6316f6bd1ca8451b312399b44b0b75096981f0fe92fbea108bade29af66bea9b", size = 154618, upload-time = "2025-07-01T05:26:50.122Z" },
    { url = "https://files.pythonhosted.org/packages/fa/cb/a4f485681f2b981dd17aafa90ba98635e2ba18a17805af464669100a568a/mwparserfromhell-0.7.2-cp313-cp313-manylinux2014_aarch64.manylinux_2_17_aarch64.manylinux_2_28_aarch64.whl", hash = "sha256:535c2e8b9aedf3b00fbbb9942df4a659bc66dfb8feb6fca114e97cef48d64680", size = 262181, upload-time = "2025-07-01T05:26:51.596Z" },
    { url = "https://files.pythonhosted.org/packages/34/ec/eba98e51b1b9a0a50de5459462ee62843c03a9538ae01602dd2a98207d67/mwparserfromhell-0.7.2-cp313-cp313-manylinux2014_x86_64.manylinux_2_17_x86_64.manylinux_2_28_x86_64.whl", hash = "sha256:b5345e6b42db45d48162c7bad9b2ce71b6a5ba2e2dea3987eb82b991e5cb9918", size = 256919, upload-time = "2025-07-01T05:26:52.809Z" },
    { url = "https://files.pythonhosted.org/packages/94/85/303293cb0aff73a178584be9c7a6a8022bc93922117df8fc814264e9d319/mwparserfromhell-0.7.2-cp313-cp313-musllinux_1_2_aarch64.whl", hash = "sha256:fef24a97b0b08f02646be2e018284884f8e6cb9740eea60a10404b5369c04ef6", size = 257835, upload-time = "2025-07-01T05:26:54.198Z" },
    { url = "https://files.pythonhosted.org/packages/c1/06/b1cdc1844505fc1894ef1f94674193b9bbf7418b173586800eda8686442d/mwparserfromhell-0.7.2-cp313-cp313-musllinux_1_2_x86_64.whl", hash = "sha256:4ed1d61927d0ad618352732dc2a2218f3b14e19a6ee6e490b42a6ed535acc301", size = 254083, upload-time = "2025-07-01T05:26:55.829Z" },
    { url = "https://files.pythonhosted.org/packages/b2/b2/12810d49d24ea35e38ff008c539de49295137e98384433f6ee43502af94e/mwparserfromhell-0.7.2-cp313-cp313-win32.whl", hash = "sha256:0661642c78f8d13369d09401a5c4240f4c91b5af1317e66d7f6270b8b0aecd85", size = 153746, upload-time = "2025-07-01T05:26:57.002Z" },
    { url = "https://files.pythonhosted.org/packages/e2/eb/09a2201943390f2491df5a2fc1fe9abc06b0115116bef799e11725c65ced/mwparserfromhell-0.7.2-cp313-cp313-win_amd64.whl", hash = "sha256:52f193b59c1b6109b210ad85536ce3c569861c3bb9da7b1875618d8ba54c396f", size = 156401, upload-time = "2025-07-01T05:26:58.085Z" },
    { url = "https://files.pythonhosted.org/packages/21/0e/a96c73d1c88eac33e9956f6100d0469136d453c5472abdb2263fe1547b63/mwparserfromhell-0.7.2-cp39-cp39-macosx_10_9_x86_64.whl", hash = "sha256:e7b1fef77217efc2d23fb683a17c1042ba9c8a071af751fafea8e5464ffdeca5", size = 154175, upload-time = "2025-07-01T05:26:59.286Z" },
    { url = "https://files.pythonhosted.org/packages/3e/23/3ff1d0fefbb938dfd7acc07a060f84b9fa13cdcd3e7a083bca8d985a74e1/mwparserfromhell-0.7.2-cp39-cp39-macosx_11_0_arm64.whl", hash = "sha256:2d7efeeb636e7363964586b6a960bc24a387fa27910d6f919e2f75b9365872cd", size = 154522, upload-time = "2025-07-01T05:27:00.487Z" },
    { url = "https://files.pythonhosted.org/packages/b3/0c/96389dbe66aa1bc663994eb73d750d0a6ce6384e886f1af3ed075f50e4ce/mwparserfromhell-0.7.2-cp39-cp39-manylinux2014_aarch64.manylinux_2_17_aarch64.manylinux_2_28_aarch64.whl", hash = "sha256:15baa2be5610a48f33d018b4c0fbcd2040a4e9450393ffec54bc4fbfb5e75521", size = 251147, upload-time = "2025-07-01T05:27:02.07Z" },
    { url = "https://files.pythonhosted.org/packages/1e/45/0464aff227e77c55161d88a14e257d0cc479313f2453ebdc27c3c97d3e17/mwparserfromhell-0.7.2-cp39-cp39-manylinux2014_x86_64.manylinux_2_17_x86_64.manylinux_2_28_x86_64.whl", hash = "sha256:2b9549824664f92bdbb4aaff65379c5bc455a4c2bfe2cef2ba2f1cb01a24d643", size = 246531, upload-time = "2025-07-01T05:27:03.218Z" },
    { url = "https://files.pythonhosted.org/packages/c9/07/dc62b7124552da5b3925de3267a74b054621ee0ca77b95dd63dfc415a65e/mwparserfromhell-0.7.2-cp39-cp39-musllinux_1_2_aarch64.whl", hash = "sha256:e54b03e04adf908c930a0038d036f9b182952821f211a325920a46d6720f695d", size = 246653, upload-time = "2025-07-01T05:27:04.7Z" },
    { url = "https://files.pythonhosted.org/packages/79/95/4c9c6886f2a0e2927a3c531eaa59ed45fbf92bba42a08095a82579654591/mwparserfromhell-0.7.2-cp39-cp39-musllinux_1_2_x86_64.whl", hash = "sha256:17165898020db7333a71d222cc434f8f5ade893374425b51954f53268466c832", size = 243134, upload-time = "2025-07-01T05:27:05.865Z" },
    { url = "https://files.pythonhosted.org/packages/2f/3c/cd4cdcc53c4f36bdfdc2deb23e95d36dd44d8c51675f1fec18dfdf667278/mwparserfromhell-0.7.2-cp39-cp39-win32.whl", hash = "sha256:eefbb248976d61db29ff3f34fe6c0556b3b7e70ac145cbd2d75c7fd16f9bb4d5", size = 153863, upload-time = "2025-07-01T05:27:07.372Z" },
    { url = "https://files.pythonhosted.org/packages/74/75/b0b5c95fa6be44b11a871787d6a343e686189b46f84d71a902eaa5db107c/mwparserfromhell-0.7.2-cp39-cp39-win_amd64.whl", hash = "sha256:8797fd2891df1d35d057fe9c93eb834d21d5c90036dcaccf993db3de5a876c9f", size = 155814, upload-time = "2025-07-01T05:27:08.503Z" },
]

[[package]]
name = "oauthlib"
version = "1.1.2"
source = { registry = "https://pypi.org/simple" }
sdist = { url = "https://files.pythonhosted.org/packages/a8/11/fb71ced7057b2a8929f51959f4e97bcee9f687aaf896c521984e67118b90/oauthlib-1.1.2.tar.gz", hash = "sha256:0e83e91d9e77a396dc178eddba0c4abf75e465761804bfcdb20b977284bcb0bb", size = 111706, upload-time = "2016-06-01T13:08:34.782Z" }

[[package]]
name = "pymysql"
version = "1.1.1"
source = { registry = "https://pypi.org/simple" }
sdist = { url = "https://files.pythonhosted.org/packages/b3/8f/ce59b5e5ed4ce8512f879ff1fa5ab699d211ae2495f1adaa5fbba2a1eada/pymysql-1.1.1.tar.gz", hash = "sha256:e127611aaf2b417403c60bf4dc570124aeb4a57f5f37b8e95ae399a42f904cd0", size = 47678, upload-time = "2024-05-21T11:03:43.722Z" }
wheels = [
    { url = "https://files.pythonhosted.org/packages/0c/94/e4181a1f6286f545507528c78016e00065ea913276888db2262507693ce5/PyMySQL-1.1.1-py3-none-any.whl", hash = "sha256:4de15da4c61dc132f4fb9ab763063e693d521a80fd0e87943b9a453dd4c19d6c", size = 44972, upload-time = "2024-05-21T11:03:41.216Z" },
]

[[package]]
name = "requests"
version = "2.10.0"
source = { registry = "https://pypi.org/simple" }
sdist = { url = "https://files.pythonhosted.org/packages/49/6f/183063f01aae1e025cf0130772b55848750a2f3a89bfa11b385b35d7329d/requests-2.10.0.tar.gz", hash = "sha256:63f1815788157130cee16a933b2ee184038e975f0017306d723ac326b5525b54", size = 477617, upload-time = "2016-04-29T22:12:32.122Z" }
wheels = [
    { url = "https://files.pythonhosted.org/packages/99/b4/63d99ba8e189c47d906b43bae18af4396e336f2b1bfec86af31efe2d2cb8/requests-2.10.0-py2.py3-none-any.whl", hash = "sha256:09bc1b5f3a56cd8c48d433213a8cba51a67d12936568f73b5f1793fcb0c0979e", size = 506877, upload-time = "2016-04-29T22:12:39.027Z" },
]

[[package]]
name = "requests-oauthlib"
version = "0.6.2"
source = { registry = "https://pypi.org/simple" }
dependencies = [
    { name = "oauthlib" },
    { name = "requests" },
]
sdist = { url = "https://files.pythonhosted.org/packages/cc/31/4d86cc71606ff8121267e732ca4dda5b082f14d57115783a575f26a7b957/requests-oauthlib-0.6.2.tar.gz", hash = "sha256:161ec8aaa360befac7079bcf20dc2a3993d1ddef19bc21d8118232a98f716e7a", size = 76972, upload-time = "2016-07-12T16:45:48.951Z" }
wheels = [
    { url = "https://files.pythonhosted.org/packages/df/f1/bf7fcb853c7a0abfd53c7ef71a72ad6737f120b08260de76ec1b286acd4a/requests_oauthlib-0.6.2-py2.py3-none-any.whl", hash = "sha256:9742667ee57090973baba18a9f0ddab9a7b84ffd44e236e44ada0c660eaf731f", size = 22153, upload-time = "2016-07-12T16:45:12.505Z" },
]

[[package]]
name = "six"
version = "1.10.0"
source = { registry = "https://pypi.org/simple" }
sdist = { url = "https://files.pythonhosted.org/packages/b3/b2/238e2590826bfdd113244a40d9d3eb26918bd798fc187e2360a8367068db/six-1.10.0.tar.gz", hash = "sha256:105f8d68616f8248e24bf0e9372ef04d3cc10104f1980f54d57b2ce73a5ad56a", size = 29630, upload-time = "2015-10-07T03:17:49.113Z" }
wheels = [
    { url = "https://files.pythonhosted.org/packages/c8/0a/b6723e1bc4c516cb687841499455a8505b44607ab535be01091c0f24f079/six-1.10.0-py2.py3-none-any.whl", hash = "sha256:0ff78c403d9bccf5a425a6d31a12aa6b47f1c21ca4dc2573a7e2f32a97335eb1", size = 10341, upload-time = "2015-10-07T03:17:20.304Z" },
]

[[package]]
name = "talisman"
version = "0.1.0"
source = { registry = "https://pypi.org/simple" }
dependencies = [
    { name = "six" },
]
sdist = { url = "https://files.pythonhosted.org/packages/28/36/9e956917b35eca994d24f5e1d53444369df8144d4e35bc69aceaa2aeb668/talisman-0.1.0.tar.gz", hash = "sha256:bd394d0f2d7926a838acaa066457c20878e31f2aaf539f5c5529ded1887b3fa8", size = 10123, upload-time = "2015-11-13T18:19:15.245Z" }
wheels = [
    { url = "https://files.pythonhosted.org/packages/69/f9/1d0d75804f4eb5a6d0f3b9d46f4248f403fa7dc4e72060bda4b0ef65614d/talisman-0.1.0-py2.py3-none-any.whl", hash = "sha256:0128ea74b31827a67a4d6e0eb842066193c60f4f90675ec3a64850000a3a3402", size = 13174, upload-time = "2015-11-13T18:19:06.892Z" },
]

[[package]]
name = "werkzeug"
version = "0.11.9"
source = { registry = "https://pypi.org/simple" }
sdist = { url = "https://files.pythonhosted.org/packages/0f/7c/b316cd9779817173e93f5cebc8fb387db33cc8dc526f3db5e61f2c008d5b/Werkzeug-0.11.9.tar.gz", hash = "sha256:837b71338794634c24713a79c3b9c287301433f2d18cd0adefcbcf885e60c8a1", size = 1157394, upload-time = "2016-04-24T18:31:46.225Z" }
wheels = [
    { url = "https://files.pythonhosted.org/packages/cb/98/83bd68761e7bd0a378ab5a0d805939bf7923ea71ca3849d6961c04ddf82d/Werkzeug-0.11.9-py2.py3-none-any.whl", hash = "sha256:cc4b84a685bfa01163a0bb30738d0dfcffa6af411dd489aed90f37a61bc4af26", size = 306576, upload-time = "2016-04-24T18:31:53.758Z" },
]
